
Microsoft Visual Studio Solution File, Format Version 12.00
# Visual Studio Version 16
VisualStudioVersion = 16.0.30907.101
MinimumVisualStudioVersion = 10.0.40219.1
Project("{FAE04EC0-301F-11D3-BF4B-00C04F79EFBC}") = "EasyVideoRemover", "EasyVideoRemover.csproj", "{34F58765-6BB5-48E0-97D7-FAB02259F97A}"
EndProject
Global
	GlobalSection(SolutionConfigurationPlatforms) = preSolution
		Debug|Any CPU = Debug|Any CPU
		Release|Any CPU = Release|Any CPU
	EndGlobalSection
	GlobalSection(ProjectConfigurationPlatforms) = postSolution
		{34F58765-6BB5-48E0-97D7-FAB02259F97A}.Debug|Any CPU.ActiveCfg = Debug|Any CPU
		{34F58765-6BB5-48E0-97D7-FAB02259F97A}.Debug|Any CPU.Build.0 = Debug|Any CPU
		{34F58765-6BB5-48E0-97D7-FAB02259F97A}.Release|Any CPU.ActiveCfg = Release|Any CPU
		{34F58765-6BB5-48E0-97D7-FAB02259F97A}.Release|Any CPU.Build.0 = Release|Any CPU
	EndGlobalSection
	GlobalSection(SolutionProperties) = preSolution
		HideSolutionNode = FALSE
	EndGlobalSection
	GlobalSection(ExtensibilityGlobals) = postSolution
		SolutionGuid = {563FD9D7-1D52-466F-AF7D-088445ABBD6A}
	EndGlobalSection
EndGlobal
